
Microsoft Visual Studio Solution File, Format Version 12.00
# Visual Studio 14
VisualStudioVersion = 14.0.25420.1
MinimumVisualStudioVersion = 10.0.40219.1
Project("{2150E333-8FDC-42A3-9474-1A3956D46DE8}") = "src", "src", "{B9048DF1-E25C-4409-A9A0-F6B6D2B9C9A1}"
EndProject
Project("{2150E333-8FDC-42A3-9474-1A3956D46DE8}") = "Solution Items", "Solution Items", "{8259144E-CEE3-4332-9805-4FA97895640F}"
	ProjectSection(SolutionItems) = preProject
		global.json = global.json
	EndProjectSection
EndProject
Project("{8BB2217D-0F2D-49D1-97BC-3654ED321F3B}") = "CloseEnoughEquality", "src\CloseEnoughEquality\CloseEnoughEquality.xproj", "{1D58B4A7-BB97-4AEE-AF42-581DF87180EF}"
EndProject
Project("{2150E333-8FDC-42A3-9474-1A3956D46DE8}") = "tests", "tests", "{C0D79535-E9E6-4309-8599-742626366248}"
EndProject
Project("{8BB2217D-0F2D-49D1-97BC-3654ED321F3B}") = "CloseEnoughEquality.Tests", "tests\CloseEnoughEquality.Tests\CloseEnoughEquality.Tests.xproj", "{BED49177-99B2-4A4C-B923-71F27066AA74}"
EndProject
Global
	GlobalSection(SolutionConfigurationPlatforms) = preSolution
		Debug|Any CPU = Debug|Any CPU
		Release|Any CPU = Release|Any CPU
	EndGlobalSection
	GlobalSection(ProjectConfigurationPlatforms) = postSolution
		{1D58B4A7-BB97-4AEE-AF42-581DF87180EF}.Debug|Any CPU.ActiveCfg = Debug|Any CPU
		{1D58B4A7-BB97-4AEE-AF42-581DF87180EF}.Debug|Any CPU.Build.0 = Debug|Any CPU
		{1D58B4A7-BB97-4AEE-AF42-581DF87180EF}.Release|Any CPU.ActiveCfg = Release|Any CPU
		{1D58B4A7-BB97-4AEE-AF42-581DF87180EF}.Release|Any CPU.Build.0 = Release|Any CPU
		{BED49177-99B2-4A4C-B923-71F27066AA74}.Debug|Any CPU.ActiveCfg = Debug|Any CPU
		{BED49177-99B2-4A4C-B923-71F27066AA74}.Debug|Any CPU.Build.0 = Debug|Any CPU
		{BED49177-99B2-4A4C-B923-71F27066AA74}.Release|Any CPU.ActiveCfg = Release|Any CPU
		{BED49177-99B2-4A4C-B923-71F27066AA74}.Release|Any CPU.Build.0 = Release|Any CPU
	EndGlobalSection
	GlobalSection(SolutionProperties) = preSolution
		HideSolutionNode = FALSE
	EndGlobalSection
	GlobalSection(NestedProjects) = preSolution
		{1D58B4A7-BB97-4AEE-AF42-581DF87180EF} = {B9048DF1-E25C-4409-A9A0-F6B6D2B9C9A1}
		{BED49177-99B2-4A4C-B923-71F27066AA74} = {C0D79535-E9E6-4309-8599-742626366248}
	EndGlobalSection
EndGlobal
