
Microsoft Visual Studio Solution File, Format Version 12.00
# Visual Studio 15
VisualStudioVersion = 15.0.26228.9
MinimumVisualStudioVersion = 10.0.40219.1
Project("{2150E333-8FDC-42A3-9474-1A3956D46DE8}") = "src", "src", "{CC670594-4AF3-4509-A002-732CE267F36D}"
EndProject
Project("{2150E333-8FDC-42A3-9474-1A3956D46DE8}") = "tests", "tests", "{CF937834-1A32-4D8F-B6BF-C1E64C5E2CDA}"
EndProject
Project("{FAE04EC0-301F-11D3-BF4B-00C04F79EFBC}") = "CloseEnoughEquality", "src\CloseEnoughEquality\CloseEnoughEquality.csproj", "{F3F5483D-9DD2-4E98-AF9F-DB3CDE06B55C}"
EndProject
Project("{FAE04EC0-301F-11D3-BF4B-00C04F79EFBC}") = "CloseEnoughEquality.Tests", "tests\CloseEnoughEquality.Tests\CloseEnoughEquality.Tests.csproj", "{F822BEC3-F03B-4DD9-93FB-099C3ED01317}"
EndProject
Global
	GlobalSection(SolutionConfigurationPlatforms) = preSolution
		Debug|Any CPU = Debug|Any CPU
		Release|Any CPU = Release|Any CPU
	EndGlobalSection
	GlobalSection(ProjectConfigurationPlatforms) = postSolution
		{F3F5483D-9DD2-4E98-AF9F-DB3CDE06B55C}.Debug|Any CPU.ActiveCfg = Debug|Any CPU
		{F3F5483D-9DD2-4E98-AF9F-DB3CDE06B55C}.Debug|Any CPU.Build.0 = Debug|Any CPU
		{F3F5483D-9DD2-4E98-AF9F-DB3CDE06B55C}.Release|Any CPU.ActiveCfg = Release|Any CPU
		{F3F5483D-9DD2-4E98-AF9F-DB3CDE06B55C}.Release|Any CPU.Build.0 = Release|Any CPU
		{F822BEC3-F03B-4DD9-93FB-099C3ED01317}.Debug|Any CPU.ActiveCfg = Debug|Any CPU
		{F822BEC3-F03B-4DD9-93FB-099C3ED01317}.Debug|Any CPU.Build.0 = Debug|Any CPU
		{F822BEC3-F03B-4DD9-93FB-099C3ED01317}.Release|Any CPU.ActiveCfg = Release|Any CPU
		{F822BEC3-F03B-4DD9-93FB-099C3ED01317}.Release|Any CPU.Build.0 = Release|Any CPU
	EndGlobalSection
	GlobalSection(SolutionProperties) = preSolution
		HideSolutionNode = FALSE
	EndGlobalSection
	GlobalSection(NestedProjects) = preSolution
		{F3F5483D-9DD2-4E98-AF9F-DB3CDE06B55C} = {CC670594-4AF3-4509-A002-732CE267F36D}
		{F822BEC3-F03B-4DD9-93FB-099C3ED01317} = {CF937834-1A32-4D8F-B6BF-C1E64C5E2CDA}
	EndGlobalSection
EndGlobal
